// !$*UTF8*$!
{
	archiveVersion = 1;
	classes = {
	};
	objectVersion = 56;
	objects = {

/* Begin PBXBuildFile section */
		02468D382950DB910048F529 /* AppDelegate.swift in Sources */ = {isa = PBXBuildFile; fileRef = 02468D372950DB910048F529 /* AppDelegate.swift */; };
		02468D3A2950DB910048F529 /* SceneDelegate.swift in Sources */ = {isa = PBXBuildFile; fileRef = 02468D392950DB910048F529 /* SceneDelegate.swift */; };
		02468D3C2950DB910048F529 /* ViewController.swift in Sources */ = {isa = PBXBuildFile; fileRef = 02468D3B2950DB910048F529 /* ViewController.swift */; };
		02468D3F2950DB910048F529 /* Main.storyboard in Resources */ = {isa = PBXBuildFile; fileRef = 02468D3D2950DB910048F529 /* Main.storyboard */; };
		02468D412950DB920048F529 /* Assets.xcassets in Resources */ = {isa = PBXBuildFile; fileRef = 02468D402950DB920048F529 /* Assets.xcassets */; };
		02468D442950DB920048F529 /* LaunchScreen.storyboard in Resources */ = {isa = PBXBuildFile; fileRef = 02468D422950DB920048F529 /* LaunchScreen.storyboard */; };
		02468D4F2950DB930048F529 /* Navigation_HW_Jamal_JonesTests.swift in Sources */ = {isa = PBXBuildFile; fileRef = 02468D4E2950DB930048F529 /* Navigation_HW_Jamal_JonesTests.swift */; };
		02468D592950DB930048F529 /* Navigation_HW_Jamal_JonesUITests.swift in Sources */ = {isa = PBXBuildFile; fileRef = 02468D582950DB930048F529 /* Navigation_HW_Jamal_JonesUITests.swift */; };
		02468D5B2950DB930048F529 /* Navigation_HW_Jamal_JonesUITestsLaunchTests.swift in Sources */ = {isa = PBXBuildFile; fileRef = 02468D5A2950DB930048F529 /* Navigation_HW_Jamal_JonesUITestsLaunchTests.swift */; };
/* End PBXBuildFile section */

/* Begin PBXContainerItemProxy section */
		02468D4B2950DB930048F529 /* PBXContainerItemProxy */ = {
			isa = PBXContainerItemProxy;
			containerPortal = 02468D2C2950DB910048F529 /* Project object */;
			proxyType = 1;
			remoteGlobalIDString = 02468D332950DB910048F529;
			remoteInfo = Navigation_HW_Jamal_Jones;
		};
		02468D552950DB930048F529 /* PBXContainerItemProxy */ = {
			isa = PBXContainerItemProxy;
			containerPortal = 02468D2C2950DB910048F529 /* Project object */;
			proxyType = 1;
			remoteGlobalIDString = 02468D332950DB910048F529;
			remoteInfo = Navigation_HW_Jamal_Jones;
		};
/* End PBXContainerItemProxy section */

/* Begin PBXFileReference section */
		02468D342950DB910048F529 /* Navigation_HW_Jamal_Jones.app */ = {isa = PBXFileReference; explicitFileType = wrapper.application; includeInIndex = 0; path = Navigation_HW_Jamal_Jones.app; sourceTree = BUILT_PRODUCTS_DIR; };
		02468D372950DB910048F529 /* AppDelegate.swift */ = {isa = PBXFileReference; lastKnownFileType = sourcecode.swift; path = AppDelegate.swift; sourceTree = "<group>"; };
		02468D392950DB910048F529 /* SceneDelegate.swift */ = {isa = PBXFileReference; lastKnownFileType = sourcecode.swift; path = SceneDelegate.swift; sourceTree = "<group>"; };
		02468D3B2950DB910048F529 /* ViewController.swift */ = {isa = PBXFileReference; lastKnownFileType = sourcecode.swift; path = ViewController.swift; sourceTree = "<group>"; };
		02468D3E2950DB910048F529 /* Base */ = {isa = PBXFileReference; lastKnownFileType = file.storyboard; name = Base; path = Base.lproj/Main.storyboard; sourceTree = "<group>"; };
		02468D402950DB920048F529 /* Assets.xcassets */ = {isa = PBXFileReference; lastKnownFileType = folder.assetcatalog; path = Assets.xcassets; sourceTree = "<group>"; };
		02468D432950DB920048F529 /* Base */ = {isa = PBXFileReference; lastKnownFileType = file.storyboard; name = Base; path = Base.lproj/LaunchScreen.storyboard; sourceTree = "<group>"; };
		02468D452950DB920048F529 /* Info.plist */ = {isa = PBXFileReference; lastKnownFileType = text.plist.xml; path = Info.plist; sourceTree = "<group>"; };
		02468D4A2950DB930048F529 /* Navigation_HW_Jamal_JonesTests.xctest */ = {isa = PBXFileReference; explicitFileType = wrapper.cfbundle; includeInIndex = 0; path = Navigation_HW_Jamal_JonesTests.xctest; sourceTree = BUILT_PRODUCTS_DIR; };
		02468D4E2950DB930048F529 /* Navigation_HW_Jamal_JonesTests.swift */ = {isa = PBXFileReference; lastKnownFileType = sourcecode.swift; path = Navigation_HW_Jamal_JonesTests.swift; sourceTree = "<group>"; };
		02468D542950DB930048F529 /* Navigation_HW_Jamal_JonesUITests.xctest */ = {isa = PBXFileReference; explicitFileType = wrapper.cfbundle; includeInIndex = 0; path = Navigation_HW_Jamal_JonesUITests.xctest; sourceTree = BUILT_PRODUCTS_DIR; };
		02468D582950DB930048F529 /* Navigation_HW_Jamal_JonesUITests.swift */ = {isa = PBXFileReference; lastKnownFileType = sourcecode.swift; path = Navigation_HW_Jamal_JonesUITests.swift; sourceTree = "<group>"; };
		02468D5A2950DB930048F529 /* Navigation_HW_Jamal_JonesUITestsLaunchTests.swift */ = {isa = PBXFileReference; lastKnownFileType = sourcecode.swift; path = Navigation_HW_Jamal_JonesUITestsLaunchTests.swift; sourceTree = "<group>"; };
/* End PBXFileReference section */

/* Begin PBXFrameworksBuildPhase section */
		02468D312950DB910048F529 /* Frameworks */ = {
			isa = PBXFrameworksBuildPhase;
			buildActionMask = 2147483647;
			files = (
			);
			runOnlyForDeploymentPostprocessing = 0;
		};
		02468D472950DB930048F529 /* Frameworks */ = {
			isa = PBXFrameworksBuildPhase;
			buildActionMask = 2147483647;
			files = (
			);
			runOnlyForDeploymentPostprocessing = 0;
		};
		02468D512950DB930048F529 /* Frameworks */ = {
			isa = PBXFrameworksBuildPhase;
			buildActionMask = 2147483647;
			files = (
			);
			runOnlyForDeploymentPostprocessing = 0;
		};
/* End PBXFrameworksBuildPhase section */

/* Begin PBXGroup section */
		02468D2B2950DB910048F529 = {
			isa = PBXGroup;
			children = (
				02468D362950DB910048F529 /* Navigation_HW_Jamal_Jones */,
				02468D4D2950DB930048F529 /* Navigation_HW_Jamal_JonesTests */,
				02468D572950DB930048F529 /* Navigation_HW_Jamal_JonesUITests */,
				02468D352950DB910048F529 /* Products */,
			);
			sourceTree = "<group>";
		};
		02468D352950DB910048F529 /* Products */ = {
			isa = PBXGroup;
			children = (
				02468D342950DB910048F529 /* Navigation_HW_Jamal_Jones.app */,
				02468D4A2950DB930048F529 /* Navigation_HW_Jamal_JonesTests.xctest */,
				02468D542950DB930048F529 /* Navigation_HW_Jamal_JonesUITests.xctest */,
			);
			name = Products;
			sourceTree = "<group>";
		};
		02468D362950DB910048F529 /* Navigation_HW_Jamal_Jones */ = {
			isa = PBXGroup;
			children = (
				02468D372950DB910048F529 /* AppDelegate.swift */,
				02468D392950DB910048F529 /* SceneDelegate.swift */,
				02468D3B2950DB910048F529 /* ViewController.swift */,
				02468D3D2950DB910048F529 /* Main.storyboard */,
				02468D402950DB920048F529 /* Assets.xcassets */,
				02468D422950DB920048F529 /* LaunchScreen.storyboard */,
				02468D452950DB920048F529 /* Info.plist */,
			);
			path = Navigation_HW_Jamal_Jones;
			sourceTree = "<group>";
		};
		02468D4D2950DB930048F529 /* Navigation_HW_Jamal_JonesTests */ = {
			isa = PBXGroup;
			children = (
				02468D4E2950DB930048F529 /* Navigation_HW_Jamal_JonesTests.swift */,
			);
			path = Navigation_HW_Jamal_JonesTests;
			sourceTree = "<group>";
		};
		02468D572950DB930048F529 /* Navigation_HW_Jamal_JonesUITests */ = {
			isa = PBXGroup;
			children = (
				02468D582950DB930048F529 /* Navigation_HW_Jamal_JonesUITests.swift */,
				02468D5A2950DB930048F529 /* Navigation_HW_Jamal_JonesUITestsLaunchTests.swift */,
			);
			path = Navigation_HW_Jamal_JonesUITests;
			sourceTree = "<group>";
		};
/* End PBXGroup section */

/* Begin PBXNativeTarget section */
		02468D332950DB910048F529 /* Navigation_HW_Jamal_Jones */ = {
			isa = PBXNativeTarget;
			buildConfigurationList = 02468D5E2950DB930048F529 /* Build configuration list for PBXNativeTarget "Navigation_HW_Jamal_Jones" */;
			buildPhases = (
				02468D302950DB910048F529 /* Sources */,
				02468D312950DB910048F529 /* Frameworks */,
				02468D322950DB910048F529 /* Resources */,
			);
			buildRules = (
			);
			dependencies = (
			);
			name = Navigation_HW_Jamal_Jones;
			productName = Navigation_HW_Jamal_Jones;
			productReference = 02468D342950DB910048F529 /* Navigation_HW_Jamal_Jones.app */;
			productType = "com.apple.product-type.application";
		};
		02468D492950DB930048F529 /* Navigation_HW_Jamal_JonesTests */ = {
			isa = PBXNativeTarget;
			buildConfigurationList = 02468D612950DB930048F529 /* Build configuration list for PBXNativeTarget "Navigation_HW_Jamal_JonesTests" */;
			buildPhases = (
				02468D462950DB930048F529 /* Sources */,
				02468D472950DB930048F529 /* Frameworks */,
				02468D482950DB930048F529 /* Resources */,
			);
			buildRules = (
			);
			dependencies = (
				02468D4C2950DB930048F529 /* PBXTargetDependency */,
			);
			name = Navigation_HW_Jamal_JonesTests;
			productName = Navigation_HW_Jamal_JonesTests;
			productReference = 02468D4A2950DB930048F529 /* Navigation_HW_Jamal_JonesTests.xctest */;
			productType = "com.apple.product-type.bundle.unit-test";
		};
		02468D532950DB930048F529 /* Navigation_HW_Jamal_JonesUITests */ = {
			isa = PBXNativeTarget;
			buildConfigurationList = 02468D642950DB930048F529 /* Build configuration list for PBXNativeTarget "Navigation_HW_Jamal_JonesUITests" */;
			buildPhases = (
				02468D502950DB930048F529 /* Sources */,
				02468D512950DB930048F529 /* Frameworks */,
				02468D522950DB930048F529 /* Resources */,
			);
			buildRules = (
			);
			dependencies = (
				02468D562950DB930048F529 /* PBXTargetDependency */,
			);
			name = Navigation_HW_Jamal_JonesUITests;
			productName = Navigation_HW_Jamal_JonesUITests;
			productReference = 02468D542950DB930048F529 /* Navigation_HW_Jamal_JonesUITests.xctest */;
			productType = "com.apple.product-type.bundle.ui-testing";
		};
/* End PBXNativeTarget section */

/* Begin PBXProject section */
		02468D2C2950DB910048F529 /* Project object */ = {
			isa = PBXProject;
			attributes = {
				BuildIndependentTargetsInParallel = 1;
				LastSwiftUpdateCheck = 1420;
				LastUpgradeCheck = 1420;
				TargetAttributes = {
					02468D332950DB910048F529 = {
						CreatedOnToolsVersion = 14.2;
					};
					02468D492950DB930048F529 = {
						CreatedOnToolsVersion = 14.2;
						TestTargetID = 02468D332950DB910048F529;
					};
					02468D532950DB930048F529 = {
						CreatedOnToolsVersion = 14.2;
						TestTargetID = 02468D332950DB910048F529;
					};
				};
			};
			buildConfigurationList = 02468D2F2950DB910048F529 /* Build configuration list for PBXProject "Navigation_HW_Jamal_Jones" */;
			compatibilityVersion = "Xcode 14.0";
			developmentRegion = en;
			hasScannedForEncodings = 0;
			knownRegions = (
				en,
				Base,
			);
			mainGroup = 02468D2B2950DB910048F529;
			productRefGroup = 02468D352950DB910048F529 /* Products */;
			projectDirPath = "";
			projectRoot = "";
			targets = (
				02468D332950DB910048F529 /* Navigation_HW_Jamal_Jones */,
				02468D492950DB930048F529 /* Navigation_HW_Jamal_JonesTests */,
				02468D532950DB930048F529 /* Navigation_HW_Jamal_JonesUITests */,
			);
		};
/* End PBXProject section */

/* Begin PBXResourcesBuildPhase section */
		02468D322950DB910048F529 /* Resources */ = {
			isa = PBXResourcesBuildPhase;
			buildActionMask = 2147483647;
			files = (
				02468D442950DB920048F529 /* LaunchScreen.storyboard in Resources */,
				02468D412950DB920048F529 /* Assets.xcassets in Resources */,
				02468D3F2950DB910048F529 /* Main.storyboard in Resources */,
			);
			runOnlyForDeploymentPostprocessing = 0;
		};
		02468D482950DB930048F529 /* Resources */ = {
			isa = PBXResourcesBuildPhase;
			buildActionMask = 2147483647;
			files = (
			);
			runOnlyForDeploymentPostprocessing = 0;
		};
		02468D522950DB930048F529 /* Resources */ = {
			isa = PBXResourcesBuildPhase;
			buildActionMask = 2147483647;
			files = (
			);
			runOnlyForDeploymentPostprocessing = 0;
		};
/* End PBXResourcesBuildPhase section */

/* Begin PBXSourcesBuildPhase section */
		02468D302950DB910048F529 /* Sources */ = {
			isa = PBXSourcesBuildPhase;
			buildActionMask = 2147483647;
			files = (
				02468D3C2950DB910048F529 /* ViewController.swift in Sources */,
				02468D382950DB910048F529 /* AppDelegate.swift in Sources */,
				02468D3A2950DB910048F529 /* SceneDelegate.swift in Sources */,
			);
			runOnlyForDeploymentPostprocessing = 0;
		};
		02468D462950DB930048F529 /* Sources */ = {
			isa = PBXSourcesBuildPhase;
			buildActionMask = 2147483647;
			files = (
				02468D4F2950DB930048F529 /* Navigation_HW_Jamal_JonesTests.swift in Sources */,
			);
			runOnlyForDeploymentPostprocessing = 0;
		};
		02468D502950DB930048F529 /* Sources */ = {
			isa = PBXSourcesBuildPhase;
			buildActionMask = 2147483647;
			files = (
				02468D592950DB930048F529 /* Navigation_HW_Jamal_JonesUITests.swift in Sources */,
				02468D5B2950DB930048F529 /* Navigation_HW_Jamal_JonesUITestsLaunchTests.swift in Sources */,
			);
			runOnlyForDeploymentPostprocessing = 0;
		};
/* End PBXSourcesBuildPhase section */

/* Begin PBXTargetDependency section */
		02468D4C2950DB930048F529 /* PBXTargetDependency */ = {
			isa = PBXTargetDependency;
			target = 02468D332950DB910048F529 /* Navigation_HW_Jamal_Jones */;
			targetProxy = 02468D4B2950DB930048F529 /* PBXContainerItemProxy */;
		};
		02468D562950DB930048F529 /* PBXTargetDependency */ = {
			isa = PBXTargetDependency;
			target = 02468D332950DB910048F529 /* Navigation_HW_Jamal_Jones */;
			targetProxy = 02468D552950DB930048F529 /* PBXContainerItemProxy */;
		};
/* End PBXTargetDependency section */

/* Begin PBXVariantGroup section */
		02468D3D2950DB910048F529 /* Main.storyboard */ = {
			isa = PBXVariantGroup;
			children = (
				02468D3E2950DB910048F529 /* Base */,
			);
			name = Main.storyboard;
			sourceTree = "<group>";
		};
		02468D422950DB920048F529 /* LaunchScreen.storyboard */ = {
			isa = PBXVariantGroup;
			children = (
				02468D432950DB920048F529 /* Base */,
			);
			name = LaunchScreen.storyboard;
			sourceTree = "<group>";
		};
/* End PBXVariantGroup section */

/* Begin XCBuildConfiguration section */
		02468D5C2950DB930048F529 /* Debug */ = {
			isa = XCBuildConfiguration;
			buildSettings = {
				ALWAYS_SEARCH_USER_PATHS = NO;
				CLANG_ANALYZER_NONNULL = YES;
				CLANG_ANALYZER_NUMBER_OBJECT_CONVERSION = YES_AGGRESSIVE;
				CLANG_CXX_LANGUAGE_STANDARD = "gnu++20";
				CLANG_ENABLE_MODULES = YES;
				CLANG_ENABLE_OBJC_ARC = YES;
				CLANG_ENABLE_OBJC_WEAK = YES;
				CLANG_WARN_BLOCK_CAPTURE_AUTORELEASING = YES;
				CLANG_WARN_BOOL_CONVERSION = YES;
				CLANG_WARN_COMMA = YES;
				CLANG_WARN_CONSTANT_CONVERSION = YES;
				CLANG_WARN_DEPRECATED_OBJC_IMPLEMENTATIONS = YES;
				CLANG_WARN_DIRECT_OBJC_ISA_USAGE = YES_ERROR;
				CLANG_WARN_DOCUMENTATION_COMMENTS = YES;
				CLANG_WARN_EMPTY_BODY = YES;
				CLANG_WARN_ENUM_CONVERSION = YES;
				CLANG_WARN_INFINITE_RECURSION = YES;
				CLANG_WARN_INT_CONVERSION = YES;
				CLANG_WARN_NON_LITERAL_NULL_CONVERSION = YES;
				CLANG_WARN_OBJC_IMPLICIT_RETAIN_SELF = YES;
				CLANG_WARN_OBJC_LITERAL_CONVERSION = YES;
				CLANG_WARN_OBJC_ROOT_CLASS = YES_ERROR;
				CLANG_WARN_QUOTED_INCLUDE_IN_FRAMEWORK_HEADER = YES;
				CLANG_WARN_RANGE_LOOP_ANALYSIS = YES;
				CLANG_WARN_STRICT_PROTOTYPES = YES;
				CLANG_WARN_SUSPICIOUS_MOVE = YES;
				CLANG_WARN_UNGUARDED_AVAILABILITY = YES_AGGRESSIVE;
				CLANG_WARN_UNREACHABLE_CODE = YES;
				CLANG_WARN__DUPLICATE_METHOD_MATCH = YES;
				COPY_PHASE_STRIP = NO;
				DEBUG_INFORMATION_FORMAT = dwarf;
				ENABLE_STRICT_OBJC_MSGSEND = YES;
				ENABLE_TESTABILITY = YES;
				GCC_C_LANGUAGE_STANDARD = gnu11;
				GCC_DYNAMIC_NO_PIC = NO;
				GCC_NO_COMMON_BLOCKS = YES;
				GCC_OPTIMIZATION_LEVEL = 0;
				GCC_PREPROCESSOR_DEFINITIONS = (
					"DEBUG=1",
					"$(inherited)",
				);
				GCC_WARN_64_TO_32_BIT_CONVERSION = YES;
				GCC_WARN_ABOUT_RETURN_TYPE = YES_ERROR;
				GCC_WARN_UNDECLARED_SELECTOR = YES;
				GCC_WARN_UNINITIALIZED_AUTOS = YES_AGGRESSIVE;
				GCC_WARN_UNUSED_FUNCTION = YES;
				GCC_WARN_UNUSED_VARIABLE = YES;
				IPHONEOS_DEPLOYMENT_TARGET = 16.2;
				MTL_ENABLE_DEBUG_INFO = INCLUDE_SOURCE;
				MTL_FAST_MATH = YES;
				ONLY_ACTIVE_ARCH = YES;
				SDKROOT = iphoneos;
				SWIFT_ACTIVE_COMPILATION_CONDITIONS = DEBUG;
				SWIFT_OPTIMIZATION_LEVEL = "-Onone";
			};
			name = Debug;
		};
		02468D5D2950DB930048F529 /* Release */ = {
			isa = XCBuildConfiguration;
			buildSettings = {
				ALWAYS_SEARCH_USER_PATHS = NO;
				CLANG_ANALYZER_NONNULL = YES;
				CLANG_ANALYZER_NUMBER_OBJECT_CONVERSION = YES_AGGRESSIVE;
				CLANG_CXX_LANGUAGE_STANDARD = "gnu++20";
				CLANG_ENABLE_MODULES = YES;
				CLANG_ENABLE_OBJC_ARC = YES;
				CLANG_ENABLE_OBJC_WEAK = YES;
				CLANG_WARN_BLOCK_CAPTURE_AUTORELEASING = YES;
				CLANG_WARN_BOOL_CONVERSION = YES;
				CLANG_WARN_COMMA = YES;
				CLANG_WARN_CONSTANT_CONVERSION = YES;
				CLANG_WARN_DEPRECATED_OBJC_IMPLEMENTATIONS = YES;
				CLANG_WARN_DIRECT_OBJC_ISA_USAGE = YES_ERROR;
				CLANG_WARN_DOCUMENTATION_COMMENTS = YES;
				CLANG_WARN_EMPTY_BODY = YES;
				CLANG_WARN_ENUM_CONVERSION = YES;
				CLANG_WARN_INFINITE_RECURSION = YES;
				CLANG_WARN_INT_CONVERSION = YES;
				CLANG_WARN_NON_LITERAL_NULL_CONVERSION = YES;
				CLANG_WARN_OBJC_IMPLICIT_RETAIN_SELF = YES;
				CLANG_WARN_OBJC_LITERAL_CONVERSION = YES;
				CLANG_WARN_OBJC_ROOT_CLASS = YES_ERROR;
				CLANG_WARN_QUOTED_INCLUDE_IN_FRAMEWORK_HEADER = YES;
				CLANG_WARN_RANGE_LOOP_ANALYSIS = YES;
				CLANG_WARN_STRICT_PROTOTYPES = YES;
				CLANG_WARN_SUSPICIOUS_MOVE = YES;
				CLANG_WARN_UNGUARDED_AVAILABILITY = YES_AGGRESSIVE;
				CLANG_WARN_UNREACHABLE_CODE = YES;
				CLANG_WARN__DUPLICATE_METHOD_MATCH = YES;
				COPY_PHASE_STRIP = NO;
				DEBUG_INFORMATION_FORMAT = "dwarf-with-dsym";
				ENABLE_NS_ASSERTIONS = NO;
				ENABLE_STRICT_OBJC_MSGSEND = YES;
				GCC_C_LANGUAGE_STANDARD = gnu11;
				GCC_NO_COMMON_BLOCKS = YES;
				GCC_WARN_64_TO_32_BIT_CONVERSION = YES;
				GCC_WARN_ABOUT_RETURN_TYPE = YES_ERROR;
				GCC_WARN_UNDECLARED_SELECTOR = YES;
				GCC_WARN_UNINITIALIZED_AUTOS = YES_AGGRESSIVE;
				GCC_WARN_UNUSED_FUNCTION = YES;
				GCC_WARN_UNUSED_VARIABLE = YES;
				IPHONEOS_DEPLOYMENT_TARGET = 16.2;
				MTL_ENABLE_DEBUG_INFO = NO;
				MTL_FAST_MATH = YES;
				SDKROOT = iphoneos;
				SWIFT_COMPILATION_MODE = wholemodule;
				SWIFT_OPTIMIZATION_LEVEL = "-O";
				VALIDATE_PRODUCT = YES;
			};
			name = Release;
		};
		02468D5F2950DB930048F529 /* Debug */ = {
			isa = XCBuildConfiguration;
			buildSettings = {
				ASSETCATALOG_COMPILER_APPICON_NAME = AppIcon;
				ASSETCATALOG_COMPILER_GLOBAL_ACCENT_COLOR_NAME = AccentColor;
				CODE_SIGN_STYLE = Automatic;
				CURRENT_PROJECT_VERSION = 1;
				GENERATE_INFOPLIST_FILE = YES;
				INFOPLIST_FILE = Navigation_HW_Jamal_Jones/Info.plist;
				INFOPLIST_KEY_UIApplicationSupportsIndirectInputEvents = YES;
				INFOPLIST_KEY_UILaunchStoryboardName = LaunchScreen;
				INFOPLIST_KEY_UIMainStoryboardFile = Main;
				INFOPLIST_KEY_UISupportedInterfaceOrientations_iPad = "UIInterfaceOrientationPortrait UIInterfaceOrientationPortraitUpsideDown UIInterfaceOrientationLandscapeLeft UIInterfaceOrientationLandscapeRight";
				INFOPLIST_KEY_UISupportedInterfaceOrientations_iPhone = "UIInterfaceOrientationPortrait UIInterfaceOrientationLandscapeLeft UIInterfaceOrientationLandscapeRight";
				LD_RUNPATH_SEARCH_PATHS = (
					"$(inherited)",
					"@executable_path/Frameworks",
				);
				MARKETING_VERSION = 1.0;
				PRODUCT_BUNDLE_IDENTIFIER = "com.enhanceIT.Navigation-HW-Jamal-Jones";
				PRODUCT_NAME = "$(TARGET_NAME)";
				SWIFT_EMIT_LOC_STRINGS = YES;
				SWIFT_VERSION = 5.0;
				TARGETED_DEVICE_FAMILY = "1,2";
			};
			name = Debug;
		};
		02468D602950DB930048F529 /* Release */ = {
			isa = XCBuildConfiguration;
			buildSettings = {
				ASSETCATALOG_COMPILER_APPICON_NAME = AppIcon;
				ASSETCATALOG_COMPILER_GLOBAL_ACCENT_COLOR_NAME = AccentColor;
				CODE_SIGN_STYLE = Automatic;
				CURRENT_PROJECT_VERSION = 1;
				GENERATE_INFOPLIST_FILE = YES;
				INFOPLIST_FILE = Navigation_HW_Jamal_Jones/Info.plist;
				INFOPLIST_KEY_UIApplicationSupportsIndirectInputEvents = YES;
				INFOPLIST_KEY_UILaunchStoryboardName = LaunchScreen;
				INFOPLIST_KEY_UIMainStoryboardFile = Main;
				INFOPLIST_KEY_UISupportedInterfaceOrientations_iPad = "UIInterfaceOrientationPortrait UIInterfaceOrientationPortraitUpsideDown UIInterfaceOrientationLandscapeLeft UIInterfaceOrientationLandscapeRight";
				INFOPLIST_KEY_UISupportedInterfaceOrientations_iPhone = "UIInterfaceOrientationPortrait UIInterfaceOrientationLandscapeLeft UIInterfaceOrientationLandscapeRight";
				LD_RUNPATH_SEARCH_PATHS = (
					"$(inherited)",
					"@executable_path/Frameworks",
				);
				MARKETING_VERSION = 1.0;
				PRODUCT_BUNDLE_IDENTIFIER = "com.enhanceIT.Navigation-HW-Jamal-Jones";
				PRODUCT_NAME = "$(TARGET_NAME)";
				SWIFT_EMIT_LOC_STRINGS = YES;
				SWIFT_VERSION = 5.0;
				TARGETED_DEVICE_FAMILY = "1,2";
			};
			name = Release;
		};
		02468D622950DB930048F529 /* Debug */ = {
			isa = XCBuildConfiguration;
			buildSettings = {
				ALWAYS_EMBED_SWIFT_STANDARD_LIBRARIES = YES;
				BUNDLE_LOADER = "$(TEST_HOST)";
				CODE_SIGN_STYLE = Automatic;
				CURRENT_PROJECT_VERSION = 1;
				GENERATE_INFOPLIST_FILE = YES;
				IPHONEOS_DEPLOYMENT_TARGET = 16.2;
				MARKETING_VERSION = 1.0;
				PRODUCT_BUNDLE_IDENTIFIER = "com.enhanceIT.Navigation-HW-Jamal-JonesTests";
				PRODUCT_NAME = "$(TARGET_NAME)";
				SWIFT_EMIT_LOC_STRINGS = NO;
				SWIFT_VERSION = 5.0;
				TARGETED_DEVICE_FAMILY = "1,2";
				TEST_HOST = "$(BUILT_PRODUCTS_DIR)/Navigation_HW_Jamal_Jones.app/$(BUNDLE_EXECUTABLE_FOLDER_PATH)/Navigation_HW_Jamal_Jones";
			};
			name = Debug;
		};
		02468D632950DB930048F529 /* Release */ = {
			isa = XCBuildConfiguration;
			buildSettings = {
				ALWAYS_EMBED_SWIFT_STANDARD_LIBRARIES = YES;
				BUNDLE_LOADER = "$(TEST_HOST)";
				CODE_SIGN_STYLE = Automatic;
				CURRENT_PROJECT_VERSION = 1;
				GENERATE_INFOPLIST_FILE = YES;
				IPHONEOS_DEPLOYMENT_TARGET = 16.2;
				MARKETING_VERSION = 1.0;
				PRODUCT_BUNDLE_IDENTIFIER = "com.enhanceIT.Navigation-HW-Jamal-JonesTests";
				PRODUCT_NAME = "$(TARGET_NAME)";
				SWIFT_EMIT_LOC_STRINGS = NO;
				SWIFT_VERSION = 5.0;
				TARGETED_DEVICE_FAMILY = "1,2";
				TEST_HOST = "$(BUILT_PRODUCTS_DIR)/Navigation_HW_Jamal_Jones.app/$(BUNDLE_EXECUTABLE_FOLDER_PATH)/Navigation_HW_Jamal_Jones";
			};
			name = Release;
		};
		02468D652950DB930048F529 /* Debug */ = {
			isa = XCBuildConfiguration;
			buildSettings = {
				ALWAYS_EMBED_SWIFT_STANDARD_LIBRARIES = YES;
				CODE_SIGN_STYLE = Automatic;
				CURRENT_PROJECT_VERSION = 1;
				GENERATE_INFOPLIST_FILE = YES;
				MARKETING_VERSION = 1.0;
				PRODUCT_BUNDLE_IDENTIFIER = "com.enhanceIT.Navigation-HW-Jamal-JonesUITests";
				PRODUCT_NAME = "$(TARGET_NAME)";
				SWIFT_EMIT_LOC_STRINGS = NO;
				SWIFT_VERSION = 5.0;
				TARGETED_DEVICE_FAMILY = "1,2";
				TEST_TARGET_NAME = Navigation_HW_Jamal_Jones;
			};
			name = Debug;
		};
		02468D662950DB930048F529 /* Release */ = {
			isa = XCBuildConfiguration;
			buildSettings = {
				ALWAYS_EMBED_SWIFT_STANDARD_LIBRARIES = YES;
				CODE_SIGN_STYLE = Automatic;
				CURRENT_PROJECT_VERSION = 1;
				GENERATE_INFOPLIST_FILE = YES;
				MARKETING_VERSION = 1.0;
				PRODUCT_BUNDLE_IDENTIFIER = "com.enhanceIT.Navigation-HW-Jamal-JonesUITests";
				PRODUCT_NAME = "$(TARGET_NAME)";
				SWIFT_EMIT_LOC_STRINGS = NO;
				SWIFT_VERSION = 5.0;
				TARGETED_DEVICE_FAMILY = "1,2";
				TEST_TARGET_NAME = Navigation_HW_Jamal_Jones;
			};
			name = Release;
		};
/* End XCBuildConfiguration section */

/* Begin XCConfigurationList section */
		02468D2F2950DB910048F529 /* Build configuration list for PBXProject "Navigation_HW_Jamal_Jones" */ = {
			isa = XCConfigurationList;
			buildConfigurations = (
				02468D5C2950DB930048F529 /* Debug */,
				02468D5D2950DB930048F529 /* Release */,
			);
			defaultConfigurationIsVisible = 0;
			defaultConfigurationName = Release;
		};
		02468D5E2950DB930048F529 /* Build configuration list for PBXNativeTarget "Navigation_HW_Jamal_Jones" */ = {
			isa = XCConfigurationList;
			buildConfigurations = (
				02468D5F2950DB930048F529 /* Debug */,
				02468D602950DB930048F529 /* Release */,
			);
			defaultConfigurationIsVisible = 0;
			defaultConfigurationName = Release;
		};
		02468D612950DB930048F529 /* Build configuration list for PBXNativeTarget "Navigation_HW_Jamal_JonesTests" */ = {
			isa = XCConfigurationList;
			buildConfigurations = (
				02468D622950DB930048F529 /* Debug */,
				02468D632950DB930048F529 /* Release */,
			);
			defaultConfigurationIsVisible = 0;
			defaultConfigurationName = Release;
		};
		02468D642950DB930048F529 /* Build configuration list for PBXNativeTarget "Navigation_HW_Jamal_JonesUITests" */ = {
			isa = XCConfigurationList;
			buildConfigurations = (
				02468D652950DB930048F529 /* Debug */,
				02468D662950DB930048F529 /* Release */,
			);
			defaultConfigurationIsVisible = 0;
			defaultConfigurationName = Release;
		};
/* End XCConfigurationList section */
	};
	rootObject = 02468D2C2950DB910048F529 /* Project object */;
}
